Microsoft Visual Studio Solution File, Format Version 12.00
# Visual Studio Version 17
VisualStudioVersion = 17.5.2.0
MinimumVisualStudioVersion = 10.0.40219.1
Project("{FAE04EC0-301F-11D3-BF4B-00C04F79EFBC}") = "Project_class18.05", "Project_class18.05.csproj", "{342B11BC-7218-E324-CDDD-93CF5F1907B2}"
EndProject
Global
	GlobalSection(SolutionConfigurationPlatforms) = preSolution
		Debug|Any CPU = Debug|Any CPU
		Release|Any CPU = Release|Any CPU
	EndGlobalSection
	GlobalSection(ProjectConfigurationPlatforms) = postSolution
		{342B11BC-7218-E324-CDDD-93CF5F1907B2}.Debug|Any CPU.ActiveCfg = Debug|Any CPU
		{342B11BC-7218-E324-CDDD-93CF5F1907B2}.Debug|Any CPU.Build.0 = Debug|Any CPU
		{342B11BC-7218-E324-CDDD-93CF5F1907B2}.Release|Any CPU.ActiveCfg = Release|Any CPU
		{342B11BC-7218-E324-CDDD-93CF5F1907B2}.Release|Any CPU.Build.0 = Release|Any CPU
	EndGlobalSection
	GlobalSection(SolutionProperties) = preSolution
		HideSolutionNode = FALSE
	EndGlobalSection
	GlobalSection(ExtensibilityGlobals) = postSolution
		SolutionGuid = {03E4D672-21EC-49C6-8482-8B1584009B72}
	EndGlobalSection
EndGlobal
