Microsoft Visual Studio Solution File, Format Version 12.00
# Visual Studio Version 17
VisualStudioVersion = 17.5.2.0
MinimumVisualStudioVersion = 10.0.40219.1
Project("{FAE04EC0-301F-11D3-BF4B-00C04F79EFBC}") = "Project_5", "Project_5.csproj", "{F24EA2F0-4E2E-00D5-1A73-00FE3620DC7B}"
EndProject
Global
	GlobalSection(SolutionConfigurationPlatforms) = preSolution
		Debug|Any CPU = Debug|Any CPU
		Release|Any CPU = Release|Any CPU
	EndGlobalSection
	GlobalSection(ProjectConfigurationPlatforms) = postSolution
		{F24EA2F0-4E2E-00D5-1A73-00FE3620DC7B}.Debug|Any CPU.ActiveCfg = Debug|Any CPU
		{F24EA2F0-4E2E-00D5-1A73-00FE3620DC7B}.Debug|Any CPU.Build.0 = Debug|Any CPU
		{F24EA2F0-4E2E-00D5-1A73-00FE3620DC7B}.Release|Any CPU.ActiveCfg = Release|Any CPU
		{F24EA2F0-4E2E-00D5-1A73-00FE3620DC7B}.Release|Any CPU.Build.0 = Release|Any CPU
	EndGlobalSection
	GlobalSection(SolutionProperties) = preSolution
		HideSolutionNode = FALSE
	EndGlobalSection
	GlobalSection(ExtensibilityGlobals) = postSolution
		SolutionGuid = {D59132E1-02BA-4F95-8173-0A6769148869}
	EndGlobalSection
EndGlobal
